{"1.1.0",
[{<<"erlport">>,{pkg,<<"erlport">>,<<"0.10.1">>},1},
 {<<"goldrush">>,{pkg,<<"goldrush">>,<<"0.1.9">>},1},
 {<<"jun">>,{pkg,<<"jun">>,<<"0.2.3">>},0},
 {<<"lager">>,{pkg,<<"lager">>,<<"3.6.8">>},0}]}.
[
{pkg_hash,[
 {<<"erlport">>, <<"C96FFA51BBCAB0298232FCDFE8C3E110F1598011DE71AE6B9082B80C9E2E476A">>},
 {<<"goldrush">>, <<"F06E5D5F1277DA5C413E84D5A2924174182FB108DABB39D5EC548B27424CD106">>},
 {<<"jun">>, <<"6F78B40E9406CFF620F1A3BAB6E01F2094935C788D099F22312546396D101595">>},
 {<<"lager">>, <<"897EFC7679BB82383448646C96768CDC4E747464DD18B999C7AACA485686B0DA">>}]}
].
